// !$*UTF8*$!
{
	archiveVersion = 1;
	classes = {
	};
	objectVersion = 50;
	objects = {

/* Begin PBXBuildFile section */
		0B787B8082E15ED95A2653E7 /* Pods_smackTests.framework in Frameworks */ = {isa = PBXBuildFile; fileRef = BD60B996E7CF33013503BD1A /* Pods_smackTests.framework */; };
		57022F9E20D0B916001010ED /* ChannelVC.swift in Sources */ = {isa = PBXBuildFile; fileRef = 57022F9D20D0B916001010ED /* ChannelVC.swift */; };
		57022FA020D0B92C001010ED /* ChatVc.swift in Sources */ = {isa = PBXBuildFile; fileRef = 57022F9F20D0B92C001010ED /* ChatVc.swift */; };
		57022FB720D0CCA9001010ED /* SWRevealViewController.m in Sources */ = {isa = PBXBuildFile; fileRef = 57022FB620D0CCA9001010ED /* SWRevealViewController.m */; };
		57099C6820E29817002E522D /* RoundedButton.swift in Sources */ = {isa = PBXBuildFile; fileRef = 57099C6720E29817002E522D /* RoundedButton.swift */; };
		57362A6920DC8E000062ED7F /* CreatAcountVC.swift in Sources */ = {isa = PBXBuildFile; fileRef = 57362A6820DC8E000062ED7F /* CreatAcountVC.swift */; };
		57659CBD20DABA7C00F9B692 /* GradientView.swift in Sources */ = {isa = PBXBuildFile; fileRef = 57659CBC20DABA7C00F9B692 /* GradientView.swift */; };
		57659CC220DADCE500F9B692 /* ConstentFile.swift in Sources */ = {isa = PBXBuildFile; fileRef = 57659CC120DADCE500F9B692 /* ConstentFile.swift */; };
		57659CC420DAEC7D00F9B692 /* loginVC.swift in Sources */ = {isa = PBXBuildFile; fileRef = 57659CC320DAEC7D00F9B692 /* loginVC.swift */; };
		57ABB28B20D026150085BF4D /* AppDelegate.swift in Sources */ = {isa = PBXBuildFile; fileRef = 57ABB28A20D026150085BF4D /* AppDelegate.swift */; };
		57ABB29020D026150085BF4D /* Main.storyboard in Resources */ = {isa = PBXBuildFile; fileRef = 57ABB28E20D026150085BF4D /* Main.storyboard */; };
		57ABB29220D026200085BF4D /* Assets.xcassets in Resources */ = {isa = PBXBuildFile; fileRef = 57ABB29120D026200085BF4D /* Assets.xcassets */; };
		57ABB29520D026200085BF4D /* LaunchScreen.storyboard in Resources */ = {isa = PBXBuildFile; fileRef = 57ABB29320D026200085BF4D /* LaunchScreen.storyboard */; };
		57ABB2A020D026200085BF4D /* smackTests.swift in Sources */ = {isa = PBXBuildFile; fileRef = 57ABB29F20D026200085BF4D /* smackTests.swift */; };
		57ABB2AB20D026200085BF4D /* smackUITests.swift in Sources */ = {isa = PBXBuildFile; fileRef = 57ABB2AA20D026200085BF4D /* smackUITests.swift */; };
		57C7988020E00FE600E9DC17 /* AuthService.swift in Sources */ = {isa = PBXBuildFile; fileRef = 57C7987F20E00FE600E9DC17 /* AuthService.swift */; };
		8599F45F89BF2DA46C7A1DE7 /* Pods_smack.framework in Frameworks */ = {isa = PBXBuildFile; fileRef = E72148053064BC678A1AEF7D /* Pods_smack.framework */; };
		B668CC78E0B6B4E85B121B7D /* Pods_smackUITests.framework in Frameworks */ = {isa = PBXBuildFile; fileRef = EE84957F9B19D96C8D47A115 /* Pods_smackUITests.framework */; };
/* End PBXBuildFile section */

/* Begin PBXContainerItemProxy section */
		57ABB29C20D026200085BF4D /* PBXContainerItemProxy */ = {
			isa = PBXContainerItemProxy;
			containerPortal = 57ABB27F20D026140085BF4D /* Project object */;
			proxyType = 1;
			remoteGlobalIDString = 57ABB28620D026150085BF4D;
			remoteInfo = smack;
		};
		57ABB2A720D026200085BF4D /* PBXContainerItemProxy */ = {
			isa = PBXContainerItemProxy;
			containerPortal = 57ABB27F20D026140085BF4D /* Project object */;
			proxyType = 1;
			remoteGlobalIDString = 57ABB28620D026150085BF4D;
			remoteInfo = smack;
		};
/* End PBXContainerItemProxy section */

/* Begin PBXFileReference section */
		08067174C4DAB58AD7366173 /* Pods-smackUITests.debug.xcconfig */ = {isa = PBXFileReference; includeInIndex = 1; lastKnownFileType = text.xcconfig; name = "Pods-smackUITests.debug.xcconfig"; path = "Pods/Target Support Files/Pods-smackUITests/Pods-smackUITests.debug.xcconfig"; sourceTree = "<group>"; };
		57022F9D20D0B916001010ED /* ChannelVC.swift */ = {isa = PBXFileReference; lastKnownFileType = sourcecode.swift; path = ChannelVC.swift; sourceTree = "<group>"; };
		57022F9F20D0B92C001010ED /* ChatVc.swift */ = {isa = PBXFileReference; lastKnownFileType = sourcecode.swift; path = ChatVc.swift; sourceTree = "<group>"; };
		57022FB420D0CCA7001010ED /* smack-Bridging-Header.h */ = {isa = PBXFileReference; lastKnownFileType = sourcecode.c.h; path = "smack-Bridging-Header.h"; sourceTree = "<group>"; };
		57022FB520D0CCA9001010ED /* SWRevealViewController.h */ = {isa = PBXFileReference; fileEncoding = 4; lastKnownFileType = sourcecode.c.h; path = SWRevealViewController.h; sourceTree = "<group>"; };
		57022FB620D0CCA9001010ED /* SWRevealViewController.m */ = {isa = PBXFileReference; fileEncoding = 4; lastKnownFileType = sourcecode.c.objc; path = SWRevealViewController.m; sourceTree = "<group>"; };
		57099C6720E29817002E522D /* RoundedButton.swift */ = {isa = PBXFileReference; lastKnownFileType = sourcecode.swift; path = RoundedButton.swift; sourceTree = "<group>"; };
		57362A6820DC8E000062ED7F /* CreatAcountVC.swift */ = {isa = PBXFileReference; lastKnownFileType = sourcecode.swift; path = CreatAcountVC.swift; sourceTree = "<group>"; };
		57659CBC20DABA7C00F9B692 /* GradientView.swift */ = {isa = PBXFileReference; lastKnownFileType = sourcecode.swift; path = GradientView.swift; sourceTree = "<group>"; };
		57659CC120DADCE500F9B692 /* ConstentFile.swift */ = {isa = PBXFileReference; lastKnownFileType = sourcecode.swift; path = ConstentFile.swift; sourceTree = "<group>"; };
		57659CC320DAEC7D00F9B692 /* loginVC.swift */ = {isa = PBXFileReference; lastKnownFileType = sourcecode.swift; path = loginVC.swift; sourceTree = "<group>"; };
		57ABB28720D026150085BF4D /* smack.app */ = {isa = PBXFileReference; explicitFileType = wrapper.application; includeInIndex = 0; path = smack.app; sourceTree = BUILT_PRODUCTS_DIR; };
		57ABB28A20D026150085BF4D /* AppDelegate.swift */ = {isa = PBXFileReference; lastKnownFileType = sourcecode.swift; path = AppDelegate.swift; sourceTree = "<group>"; };
		57ABB28F20D026150085BF4D /* Base */ = {isa = PBXFileReference; lastKnownFileType = file.storyboard; name = Base; path = Base.lproj/Main.storyboard; sourceTree = "<group>"; };
		57ABB29120D026200085BF4D /* Assets.xcassets */ = {isa = PBXFileReference; lastKnownFileType = folder.assetcatalog; path = Assets.xcassets; sourceTree = "<group>"; };
		57ABB29420D026200085BF4D /* Base */ = {isa = PBXFileReference; lastKnownFileType = file.storyboard; name = Base; path = Base.lproj/LaunchScreen.storyboard; sourceTree = "<group>"; };
		57ABB29620D026200085BF4D /* Info.plist */ = {isa = PBXFileReference; lastKnownFileType = text.plist.xml; path = Info.plist; sourceTree = "<group>"; };
		57ABB29B20D026200085BF4D /* smackTests.xctest */ = {isa = PBXFileReference; explicitFileType = wrapper.cfbundle; includeInIndex = 0; path = smackTests.xctest; sourceTree = BUILT_PRODUCTS_DIR; };
		57ABB29F20D026200085BF4D /* smackTests.swift */ = {isa = PBXFileReference; lastKnownFileType = sourcecode.swift; path = smackTests.swift; sourceTree = "<group>"; };
		57ABB2A120D026200085BF4D /* Info.plist */ = {isa = PBXFileReference; lastKnownFileType = text.plist.xml; path = Info.plist; sourceTree = "<group>"; };
		57ABB2A620D026200085BF4D /* smackUITests.xctest */ = {isa = PBXFileReference; explicitFileType = wrapper.cfbundle; includeInIndex = 0; path = smackUITests.xctest; sourceTree = BUILT_PRODUCTS_DIR; };
		57ABB2AA20D026200085BF4D /* smackUITests.swift */ = {isa = PBXFileReference; lastKnownFileType = sourcecode.swift; path = smackUITests.swift; sourceTree = "<group>"; };
		57ABB2AC20D026200085BF4D /* Info.plist */ = {isa = PBXFileReference; lastKnownFileType = text.plist.xml; path = Info.plist; sourceTree = "<group>"; };
		57C7987F20E00FE600E9DC17 /* AuthService.swift */ = {isa = PBXFileReference; lastKnownFileType = sourcecode.swift; path = AuthService.swift; sourceTree = "<group>"; };
		610AC18C9BCA9FB68085617F /* Pods-smackUITests.release.xcconfig */ = {isa = PBXFileReference; includeInIndex = 1; lastKnownFileType = text.xcconfig; name = "Pods-smackUITests.release.xcconfig"; path = "Pods/Target Support Files/Pods-smackUITests/Pods-smackUITests.release.xcconfig"; sourceTree = "<group>"; };
		BD60B996E7CF33013503BD1A /* Pods_smackTests.framework */ = {isa = PBXFileReference; explicitFileType = wrapper.framework; includeInIndex = 0; path = Pods_smackTests.framework; sourceTree = BUILT_PRODUCTS_DIR; };
		C33979415EA52AEFEF68B64B /* Pods-smackTests.debug.xcconfig */ = {isa = PBXFileReference; includeInIndex = 1; lastKnownFileType = text.xcconfig; name = "Pods-smackTests.debug.xcconfig"; path = "Pods/Target Support Files/Pods-smackTests/Pods-smackTests.debug.xcconfig"; sourceTree = "<group>"; };
		D624F8BF249FB6FC0D5B764B /* Pods-smack.release.xcconfig */ = {isa = PBXFileReference; includeInIndex = 1; lastKnownFileType = text.xcconfig; name = "Pods-smack.release.xcconfig"; path = "Pods/Target Support Files/Pods-smack/Pods-smack.release.xcconfig"; sourceTree = "<group>"; };
		E72148053064BC678A1AEF7D /* Pods_smack.framework */ = {isa = PBXFileReference; explicitFileType = wrapper.framework; includeInIndex = 0; path = Pods_smack.framework; sourceTree = BUILT_PRODUCTS_DIR; };
		ECC735AEAEC14B06D6B6D507 /* Pods-smackTests.release.xcconfig */ = {isa = PBXFileReference; includeInIndex = 1; lastKnownFileType = text.xcconfig; name = "Pods-smackTests.release.xcconfig"; path = "Pods/Target Support Files/Pods-smackTests/Pods-smackTests.release.xcconfig"; sourceTree = "<group>"; };
		EE84957F9B19D96C8D47A115 /* Pods_smackUITests.framework */ = {isa = PBXFileReference; explicitFileType = wrapper.framework; includeInIndex = 0; path = Pods_smackUITests.framework; sourceTree = BUILT_PRODUCTS_DIR; };
		F48839775632AA0D6983C614 /* Pods-smack.debug.xcconfig */ = {isa = PBXFileReference; includeInIndex = 1; lastKnownFileType = text.xcconfig; name = "Pods-smack.debug.xcconfig"; path = "Pods/Target Support Files/Pods-smack/Pods-smack.debug.xcconfig"; sourceTree = "<group>"; };
/* End PBXFileReference section */

/* Begin PBXFrameworksBuildPhase section */
		57ABB28420D026150085BF4D /* Frameworks */ = {
			isa = PBXFrameworksBuildPhase;
			buildActionMask = 2147483647;
			files = (
				8599F45F89BF2DA46C7A1DE7 /* Pods_smack.framework in Frameworks */,
			);
			runOnlyForDeploymentPostprocessing = 0;
		};
		57ABB29820D026200085BF4D /* Frameworks */ = {
			isa = PBXFrameworksBuildPhase;
			buildActionMask = 2147483647;
			files = (
				0B787B8082E15ED95A2653E7 /* Pods_smackTests.framework in Frameworks */,
			);
			runOnlyForDeploymentPostprocessing = 0;
		};
		57ABB2A320D026200085BF4D /* Frameworks */ = {
			isa = PBXFrameworksBuildPhase;
			buildActionMask = 2147483647;
			files = (
				B668CC78E0B6B4E85B121B7D /* Pods_smackUITests.framework in Frameworks */,
			);
			runOnlyForDeploymentPostprocessing = 0;
		};
/* End PBXFrameworksBuildPhase section */

/* Begin PBXGroup section */
		1BB8BEC2C69A63C021666DCA /* Frameworks */ = {
			isa = PBXGroup;
			children = (
				E72148053064BC678A1AEF7D /* Pods_smack.framework */,
				BD60B996E7CF33013503BD1A /* Pods_smackTests.framework */,
				EE84957F9B19D96C8D47A115 /* Pods_smackUITests.framework */,
			);
			name = Frameworks;
			sourceTree = "<group>";
		};
		57022F9820D0B8BB001010ED /* controller */ = {
			isa = PBXGroup;
			children = (
				57022F9D20D0B916001010ED /* ChannelVC.swift */,
				57022F9F20D0B92C001010ED /* ChatVc.swift */,
				57659CC320DAEC7D00F9B692 /* loginVC.swift */,
				57362A6820DC8E000062ED7F /* CreatAcountVC.swift */,
			);
			path = controller;
			sourceTree = "<group>";
		};
		57022F9920D0B8C3001010ED /* view */ = {
			isa = PBXGroup;
			children = (
				57659CBC20DABA7C00F9B692 /* GradientView.swift */,
				57099C6720E29817002E522D /* RoundedButton.swift */,
			);
			path = view;
			sourceTree = "<group>";
		};
		57022F9A20D0B8CB001010ED /* model */ = {
			isa = PBXGroup;
			children = (
			);
			path = model;
			sourceTree = "<group>";
		};
		57022FAE20D0C4E6001010ED /* suportingFiels */ = {
			isa = PBXGroup;
			children = (
				57022FB520D0CCA9001010ED /* SWRevealViewController.h */,
				57022FB620D0CCA9001010ED /* SWRevealViewController.m */,
				57022FB420D0CCA7001010ED /* smack-Bridging-Header.h */,
			);
			path = suportingFiels;
			sourceTree = "<group>";
		};
		57659CC020DADCB900F9B692 /* utilites */ = {
			isa = PBXGroup;
			children = (
				57659CC120DADCE500F9B692 /* ConstentFile.swift */,
			);
			path = utilites;
			sourceTree = "<group>";
		};
		57ABB27E20D026140085BF4D = {
			isa = PBXGroup;
			children = (
				57ABB28920D026150085BF4D /* smack */,
				57ABB29E20D026200085BF4D /* smackTests */,
				57ABB2A920D026200085BF4D /* smackUITests */,
				57ABB28820D026150085BF4D /* Products */,
				63FC57B342F7D31039A1D789 /* Pods */,
				1BB8BEC2C69A63C021666DCA /* Frameworks */,
			);
			sourceTree = "<group>";
		};
		57ABB28820D026150085BF4D /* Products */ = {
			isa = PBXGroup;
			children = (
				57ABB28720D026150085BF4D /* smack.app */,
				57ABB29B20D026200085BF4D /* smackTests.xctest */,
				57ABB2A620D026200085BF4D /* smackUITests.xctest */,
			);
			name = Products;
			sourceTree = "<group>";
		};
		57ABB28920D026150085BF4D /* smack */ = {
			isa = PBXGroup;
			children = (
				57C7987E20E00FBB00E9DC17 /* services */,
				57659CC020DADCB900F9B692 /* utilites */,
				57022FAE20D0C4E6001010ED /* suportingFiels */,
				57022F9A20D0B8CB001010ED /* model */,
				57022F9920D0B8C3001010ED /* view */,
				57022F9820D0B8BB001010ED /* controller */,
				57ABB28A20D026150085BF4D /* AppDelegate.swift */,
				57ABB28E20D026150085BF4D /* Main.storyboard */,
				57ABB29120D026200085BF4D /* Assets.xcassets */,
				57ABB29320D026200085BF4D /* LaunchScreen.storyboard */,
				57ABB29620D026200085BF4D /* Info.plist */,
			);
			path = smack;
			sourceTree = "<group>";
		};
		57ABB29E20D026200085BF4D /* smackTests */ = {
			isa = PBXGroup;
			children = (
				57ABB29F20D026200085BF4D /* smackTests.swift */,
				57ABB2A120D026200085BF4D /* Info.plist */,
			);
			path = smackTests;
			sourceTree = "<group>";
		};
		57ABB2A920D026200085BF4D /* smackUITests */ = {
			isa = PBXGroup;
			children = (
				57ABB2AA20D026200085BF4D /* smackUITests.swift */,
				57ABB2AC20D026200085BF4D /* Info.plist */,
			);
			path = smackUITests;
			sourceTree = "<group>";
		};
		57C7987E20E00FBB00E9DC17 /* services */ = {
			isa = PBXGroup;
			children = (
				57C7987F20E00FE600E9DC17 /* AuthService.swift */,
			);
			path = services;
			sourceTree = "<group>";
		};
		63FC57B342F7D31039A1D789 /* Pods */ = {
			isa = PBXGroup;
			children = (
				F48839775632AA0D6983C614 /* Pods-smack.debug.xcconfig */,
				D624F8BF249FB6FC0D5B764B /* Pods-smack.release.xcconfig */,
				C33979415EA52AEFEF68B64B /* Pods-smackTests.debug.xcconfig */,
				ECC735AEAEC14B06D6B6D507 /* Pods-smackTests.release.xcconfig */,
				08067174C4DAB58AD7366173 /* Pods-smackUITests.debug.xcconfig */,
				610AC18C9BCA9FB68085617F /* Pods-smackUITests.release.xcconfig */,
			);
			name = Pods;
			sourceTree = "<group>";
		};
/* End PBXGroup section */

/* Begin PBXNativeTarget section */
		57ABB28620D026150085BF4D /* smack */ = {
			isa = PBXNativeTarget;
			buildConfigurationList = 57ABB2AF20D026200085BF4D /* Build configuration list for PBXNativeTarget "smack" */;
			buildPhases = (
				B5E984F5D8837486AF29DDDE /* [CP] Check Pods Manifest.lock */,
				57ABB28320D026150085BF4D /* Sources */,
				57ABB28420D026150085BF4D /* Frameworks */,
				57ABB28520D026150085BF4D /* Resources */,
				A44E70E3EE12D4BC81D04C82 /* [CP] Embed Pods Frameworks */,
			);
			buildRules = (
			);
			dependencies = (
			);
			name = smack;
			productName = smack;
			productReference = 57ABB28720D026150085BF4D /* smack.app */;
			productType = "com.apple.product-type.application";
		};
		57ABB29A20D026200085BF4D /* smackTests */ = {
			isa = PBXNativeTarget;
			buildConfigurationList = 57ABB2B220D026200085BF4D /* Build configuration list for PBXNativeTarget "smackTests" */;
			buildPhases = (
				843456DB4A7982D6C8A42006 /* [CP] Check Pods Manifest.lock */,
				57ABB29720D026200085BF4D /* Sources */,
				57ABB29820D026200085BF4D /* Frameworks */,
				57ABB29920D026200085BF4D /* Resources */,
			);
			buildRules = (
			);
			dependencies = (
				57ABB29D20D026200085BF4D /* PBXTargetDependency */,
			);
			name = smackTests;
			productName = smackTests;
			productReference = 57ABB29B20D026200085BF4D /* smackTests.xctest */;
			productType = "com.apple.product-type.bundle.unit-test";
		};
		57ABB2A520D026200085BF4D /* smackUITests */ = {
			isa = PBXNativeTarget;
			buildConfigurationList = 57ABB2B520D026200085BF4D /* Build configuration list for PBXNativeTarget "smackUITests" */;
			buildPhases = (
				A26EC41D1A7678800BDAF7A6 /* [CP] Check Pods Manifest.lock */,
				57ABB2A220D026200085BF4D /* Sources */,
				57ABB2A320D026200085BF4D /* Frameworks */,
				57ABB2A420D026200085BF4D /* Resources */,
			);
			buildRules = (
			);
			dependencies = (
				57ABB2A820D026200085BF4D /* PBXTargetDependency */,
			);
			name = smackUITests;
			productName = smackUITests;
			productReference = 57ABB2A620D026200085BF4D /* smackUITests.xctest */;
			productType = "com.apple.product-type.bundle.ui-testing";
		};
/* End PBXNativeTarget section */

/* Begin PBXProject section */
		57ABB27F20D026140085BF4D /* Project object */ = {
			isa = PBXProject;
			attributes = {
				LastSwiftUpdateCheck = 0930;
				LastUpgradeCheck = 0930;
				ORGANIZATIONNAME = "Mahmoud Khaled";
				TargetAttributes = {
					57ABB28620D026150085BF4D = {
						CreatedOnToolsVersion = 9.3;
						LastSwiftMigration = 0930;
					};
					57ABB29A20D026200085BF4D = {
						CreatedOnToolsVersion = 9.3;
						TestTargetID = 57ABB28620D026150085BF4D;
					};
					57ABB2A520D026200085BF4D = {
						CreatedOnToolsVersion = 9.3;
						TestTargetID = 57ABB28620D026150085BF4D;
					};
				};
			};
			buildConfigurationList = 57ABB28220D026140085BF4D /* Build configuration list for PBXProject "smack" */;
			compatibilityVersion = "Xcode 9.3";
			developmentRegion = en;
			hasScannedForEncodings = 0;
			knownRegions = (
				en,
				Base,
			);
			mainGroup = 57ABB27E20D026140085BF4D;
			productRefGroup = 57ABB28820D026150085BF4D /* Products */;
			projectDirPath = "";
			projectRoot = "";
			targets = (
				57ABB28620D026150085BF4D /* smack */,
				57ABB29A20D026200085BF4D /* smackTests */,
				57ABB2A520D026200085BF4D /* smackUITests */,
			);
		};
/* End PBXProject section */

/* Begin PBXResourcesBuildPhase section */
		57ABB28520D026150085BF4D /* Resources */ = {
			isa = PBXResourcesBuildPhase;
			buildActionMask = 2147483647;
			files = (
				57ABB29520D026200085BF4D /* LaunchScreen.storyboard in Resources */,
				57ABB29220D026200085BF4D /* Assets.xcassets in Resources */,
				57ABB29020D026150085BF4D /* Main.storyboard in Resources */,
			);
			runOnlyForDeploymentPostprocessing = 0;
		};
		57ABB29920D026200085BF4D /* Resources */ = {
			isa = PBXResourcesBuildPhase;
			buildActionMask = 2147483647;
			files = (
			);
			runOnlyForDeploymentPostprocessing = 0;
		};
		57ABB2A420D026200085BF4D /* Resources */ = {
			isa = PBXResourcesBuildPhase;
			buildActionMask = 2147483647;
			files = (
			);
			runOnlyForDeploymentPostprocessing = 0;
		};
/* End PBXResourcesBuildPhase section */

/* Begin PBXShellScriptBuildPhase section */
		843456DB4A7982D6C8A42006 /* [CP] Check Pods Manifest.lock */ = {
			isa = PBXShellScriptBuildPhase;
			buildActionMask = 2147483647;
			files = (
			);
			inputPaths = (
				"${PODS_PODFILE_DIR_PATH}/Podfile.lock",
				"${PODS_ROOT}/Manifest.lock",
			);
			name = "[CP] Check Pods Manifest.lock";
			outputPaths = (
				"$(DERIVED_FILE_DIR)/Pods-smackTests-checkManifestLockResult.txt",
			);
			runOnlyForDeploymentPostprocessing = 0;
			shellPath = /bin/sh;
			shellScript = "diff \"${PODS_PODFILE_DIR_PATH}/Podfile.lock\" \"${PODS_ROOT}/Manifest.lock\" > /dev/null\nif [ $? != 0 ] ; then\n    # print error to STDERR\n    echo \"error: The sandbox is not in sync with the Podfile.lock. Run 'pod install' or update your CocoaPods installation.\" >&2\n    exit 1\nfi\n# This output is used by Xcode 'outputs' to avoid re-running this script phase.\necho \"SUCCESS\" > \"${SCRIPT_OUTPUT_FILE_0}\"\n";
			showEnvVarsInLog = 0;
		};
		A26EC41D1A7678800BDAF7A6 /* [CP] Check Pods Manifest.lock */ = {
			isa = PBXShellScriptBuildPhase;
			buildActionMask = 2147483647;
			files = (
			);
			inputPaths = (
				"${PODS_PODFILE_DIR_PATH}/Podfile.lock",
				"${PODS_ROOT}/Manifest.lock",
			);
			name = "[CP] Check Pods Manifest.lock";
			outputPaths = (
				"$(DERIVED_FILE_DIR)/Pods-smackUITests-checkManifestLockResult.txt",
			);
			runOnlyForDeploymentPostprocessing = 0;
			shellPath = /bin/sh;
			shellScript = "diff \"${PODS_PODFILE_DIR_PATH}/Podfile.lock\" \"${PODS_ROOT}/Manifest.lock\" > /dev/null\nif [ $? != 0 ] ; then\n    # print error to STDERR\n    echo \"error: The sandbox is not in sync with the Podfile.lock. Run 'pod install' or update your CocoaPods installation.\" >&2\n    exit 1\nfi\n# This output is used by Xcode 'outputs' to avoid re-running this script phase.\necho \"SUCCESS\" > \"${SCRIPT_OUTPUT_FILE_0}\"\n";
			showEnvVarsInLog = 0;
		};
		A44E70E3EE12D4BC81D04C82 /* [CP] Embed Pods Frameworks */ = {
			isa = PBXShellScriptBuildPhase;
			buildActionMask = 2147483647;
			files = (
			);
			inputPaths = (
				"${SRCROOT}/Pods/Target Support Files/Pods-smack/Pods-smack-frameworks.sh",
				"${BUILT_PRODUCTS_DIR}/Alamofire/Alamofire.framework",
				"${BUILT_PRODUCTS_DIR}/Socket.IO-Client-Swift/SocketIO.framework",
				"${BUILT_PRODUCTS_DIR}/Starscream/Starscream.framework",
				"${BUILT_PRODUCTS_DIR}/SwiftyJSON/SwiftyJSON.framework",
			);
			name = "[CP] Embed Pods Frameworks";
			outputPaths = (
				"${TARGET_BUILD_DIR}/${FRAMEWORKS_FOLDER_PATH}/Alamofire.framework",
				"${TARGET_BUILD_DIR}/${FRAMEWORKS_FOLDER_PATH}/SocketIO.framework",
				"${TARGET_BUILD_DIR}/${FRAMEWORKS_FOLDER_PATH}/Starscream.framework",
				"${TARGET_BUILD_DIR}/${FRAMEWORKS_FOLDER_PATH}/SwiftyJSON.framework",
			);
			runOnlyForDeploymentPostprocessing = 0;
			shellPath = /bin/sh;
			shellScript = "\"${SRCROOT}/Pods/Target Support Files/Pods-smack/Pods-smack-frameworks.sh\"\n";
			showEnvVarsInLog = 0;
		};
		B5E984F5D8837486AF29DDDE /* [CP] Check Pods Manifest.lock */ = {
			isa = PBXShellScriptBuildPhase;
			buildActionMask = 2147483647;
			files = (
			);
			inputPaths = (
				"${PODS_PODFILE_DIR_PATH}/Podfile.lock",
				"${PODS_ROOT}/Manifest.lock",
			);
			name = "[CP] Check Pods Manifest.lock";
			outputPaths = (
				"$(DERIVED_FILE_DIR)/Pods-smack-checkManifestLockResult.txt",
			);
			runOnlyForDeploymentPostprocessing = 0;
			shellPath = /bin/sh;
			shellScript = "diff \"${PODS_PODFILE_DIR_PATH}/Podfile.lock\" \"${PODS_ROOT}/Manifest.lock\" > /dev/null\nif [ $? != 0 ] ; then\n    # print error to STDERR\n    echo \"error: The sandbox is not in sync with the Podfile.lock. Run 'pod install' or update your CocoaPods installation.\" >&2\n    exit 1\nfi\n# This output is used by Xcode 'outputs' to avoid re-running this script phase.\necho \"SUCCESS\" > \"${SCRIPT_OUTPUT_FILE_0}\"\n";
			showEnvVarsInLog = 0;
		};
/* End PBXShellScriptBuildPhase section */

/* Begin PBXSourcesBuildPhase section */
		57ABB28320D026150085BF4D /* Sources */ = {
			isa = PBXSourcesBuildPhase;
			buildActionMask = 2147483647;
			files = (
				57362A6920DC8E000062ED7F /* CreatAcountVC.swift in Sources */,
				57099C6820E29817002E522D /* RoundedButton.swift in Sources */,
				57022FA020D0B92C001010ED /* ChatVc.swift in Sources */,
				57659CC220DADCE500F9B692 /* ConstentFile.swift in Sources */,
				57C7988020E00FE600E9DC17 /* AuthService.swift in Sources */,
				57022F9E20D0B916001010ED /* ChannelVC.swift in Sources */,
				57659CC420DAEC7D00F9B692 /* loginVC.swift in Sources */,
				57659CBD20DABA7C00F9B692 /* GradientView.swift in Sources */,
				57ABB28B20D026150085BF4D /* AppDelegate.swift in Sources */,
				57022FB720D0CCA9001010ED /* SWRevealViewController.m in Sources */,
			);
			runOnlyForDeploymentPostprocessing = 0;
		};
		57ABB29720D026200085BF4D /* Sources */ = {
			isa = PBXSourcesBuildPhase;
			buildActionMask = 2147483647;
			files = (
				57ABB2A020D026200085BF4D /* smackTests.swift in Sources */,
			);
			runOnlyForDeploymentPostprocessing = 0;
		};
		57ABB2A220D026200085BF4D /* Sources */ = {
			isa = PBXSourcesBuildPhase;
			buildActionMask = 2147483647;
			files = (
				57ABB2AB20D026200085BF4D /* smackUITests.swift in Sources */,
			);
			runOnlyForDeploymentPostprocessing = 0;
		};
/* End PBXSourcesBuildPhase section */

/* Begin PBXTargetDependency section */
		57ABB29D20D026200085BF4D /* PBXTargetDependency */ = {
			isa = PBXTargetDependency;
			target = 57ABB28620D026150085BF4D /* smack */;
			targetProxy = 57ABB29C20D026200085BF4D /* PBXContainerItemProxy */;
		};
		57ABB2A820D026200085BF4D /* PBXTargetDependency */ = {
			isa = PBXTargetDependency;
			target = 57ABB28620D026150085BF4D /* smack */;
			targetProxy = 57ABB2A720D026200085BF4D /* PBXContainerItemProxy */;
		};
/* End PBXTargetDependency section */

/* Begin PBXVariantGroup section */
		57ABB28E20D026150085BF4D /* Main.storyboard */ = {
			isa = PBXVariantGroup;
			children = (
				57ABB28F20D026150085BF4D /* Base */,
			);
			name = Main.storyboard;
			sourceTree = "<group>";
		};
		57ABB29320D026200085BF4D /* LaunchScreen.storyboard */ = {
			isa = PBXVariantGroup;
			children = (
				57ABB29420D026200085BF4D /* Base */,
			);
			name = LaunchScreen.storyboard;
			sourceTree = "<group>";
		};
/* End PBXVariantGroup section */

/* Begin XCBuildConfiguration section */
		57ABB2AD20D026200085BF4D /* Debug */ = {
			isa = XCBuildConfiguration;
			buildSettings = {
				ALWAYS_SEARCH_USER_PATHS = NO;
				CLANG_ANALYZER_NONNULL = YES;
				CLANG_ANALYZER_NUMBER_OBJECT_CONVERSION = YES_AGGRESSIVE;
				CLANG_CXX_LANGUAGE_STANDARD = "gnu++14";
				CLANG_CXX_LIBRARY = "libc++";
				CLANG_ENABLE_MODULES = YES;
				CLANG_ENABLE_OBJC_ARC = YES;
				CLANG_ENABLE_OBJC_WEAK = YES;
				CLANG_WARN_BLOCK_CAPTURE_AUTORELEASING = YES;
				CLANG_WARN_BOOL_CONVERSION = YES;
				CLANG_WARN_COMMA = YES;
				CLANG_WARN_CONSTANT_CONVERSION = YES;
				CLANG_WARN_DEPRECATED_OBJC_IMPLEMENTATIONS = YES;
				CLANG_WARN_DIRECT_OBJC_ISA_USAGE = YES_ERROR;
				CLANG_WARN_DOCUMENTATION_COMMENTS = YES;
				CLANG_WARN_EMPTY_BODY = YES;
				CLANG_WARN_ENUM_CONVERSION = YES;
				CLANG_WARN_INFINITE_RECURSION = YES;
				CLANG_WARN_INT_CONVERSION = YES;
				CLANG_WARN_NON_LITERAL_NULL_CONVERSION = YES;
				CLANG_WARN_OBJC_IMPLICIT_RETAIN_SELF = YES;
				CLANG_WARN_OBJC_LITERAL_CONVERSION = YES;
				CLANG_WARN_OBJC_ROOT_CLASS = YES_ERROR;
				CLANG_WARN_RANGE_LOOP_ANALYSIS = YES;
				CLANG_WARN_STRICT_PROTOTYPES = YES;
				CLANG_WARN_SUSPICIOUS_MOVE = YES;
				CLANG_WARN_UNGUARDED_AVAILABILITY = YES_AGGRESSIVE;
				CLANG_WARN_UNREACHABLE_CODE = YES;
				CLANG_WARN__DUPLICATE_METHOD_MATCH = YES;
				CODE_SIGN_IDENTITY = "iPhone Developer";
				COPY_PHASE_STRIP = NO;
				DEBUG_INFORMATION_FORMAT = dwarf;
				ENABLE_STRICT_OBJC_MSGSEND = YES;
				ENABLE_TESTABILITY = YES;
				GCC_C_LANGUAGE_STANDARD = gnu11;
				GCC_DYNAMIC_NO_PIC = NO;
				GCC_NO_COMMON_BLOCKS = YES;
				GCC_OPTIMIZATION_LEVEL = 0;
				GCC_PREPROCESSOR_DEFINITIONS = (
					"DEBUG=1",
					"$(inherited)",
				);
				GCC_WARN_64_TO_32_BIT_CONVERSION = YES;
				GCC_WARN_ABOUT_RETURN_TYPE = YES_ERROR;
				GCC_WARN_UNDECLARED_SELECTOR = YES;
				GCC_WARN_UNINITIALIZED_AUTOS = YES_AGGRESSIVE;
				GCC_WARN_UNUSED_FUNCTION = YES;
				GCC_WARN_UNUSED_VARIABLE = YES;
				IPHONEOS_DEPLOYMENT_TARGET = 11.3;
				MTL_ENABLE_DEBUG_INFO = YES;
				ONLY_ACTIVE_ARCH = YES;
				SDKROOT = iphoneos;
				SWIFT_ACTIVE_COMPILATION_CONDITIONS = DEBUG;
				SWIFT_OPTIMIZATION_LEVEL = "-Onone";
			};
			name = Debug;
		};
		57ABB2AE20D026200085BF4D /* Release */ = {
			isa = XCBuildConfiguration;
			buildSettings = {
				ALWAYS_SEARCH_USER_PATHS = NO;
				CLANG_ANALYZER_NONNULL = YES;
				CLANG_ANALYZER_NUMBER_OBJECT_CONVERSION = YES_AGGRESSIVE;
				CLANG_CXX_LANGUAGE_STANDARD = "gnu++14";
				CLANG_CXX_LIBRARY = "libc++";
				CLANG_ENABLE_MODULES = YES;
				CLANG_ENABLE_OBJC_ARC = YES;
				CLANG_ENABLE_OBJC_WEAK = YES;
				CLANG_WARN_BLOCK_CAPTURE_AUTORELEASING = YES;
				CLANG_WARN_BOOL_CONVERSION = YES;
				CLANG_WARN_COMMA = YES;
				CLANG_WARN_CONSTANT_CONVERSION = YES;
				CLANG_WARN_DEPRECATED_OBJC_IMPLEMENTATIONS = YES;
				CLANG_WARN_DIRECT_OBJC_ISA_USAGE = YES_ERROR;
				CLANG_WARN_DOCUMENTATION_COMMENTS = YES;
				CLANG_WARN_EMPTY_BODY = YES;
				CLANG_WARN_ENUM_CONVERSION = YES;
				CLANG_WARN_INFINITE_RECURSION = YES;
				CLANG_WARN_INT_CONVERSION = YES;
				CLANG_WARN_NON_LITERAL_NULL_CONVERSION = YES;
				CLANG_WARN_OBJC_IMPLICIT_RETAIN_SELF = YES;
				CLANG_WARN_OBJC_LITERAL_CONVERSION = YES;
				CLANG_WARN_OBJC_ROOT_CLASS = YES_ERROR;
				CLANG_WARN_RANGE_LOOP_ANALYSIS = YES;
				CLANG_WARN_STRICT_PROTOTYPES = YES;
				CLANG_WARN_SUSPICIOUS_MOVE = YES;
				CLANG_WARN_UNGUARDED_AVAILABILITY = YES_AGGRESSIVE;
				CLANG_WARN_UNREACHABLE_CODE = YES;
				CLANG_WARN__DUPLICATE_METHOD_MATCH = YES;
				CODE_SIGN_IDENTITY = "iPhone Developer";
				COPY_PHASE_STRIP = NO;
				DEBUG_INFORMATION_FORMAT = "dwarf-with-dsym";
				ENABLE_NS_ASSERTIONS = NO;
				ENABLE_STRICT_OBJC_MSGSEND = YES;
				GCC_C_LANGUAGE_STANDARD = gnu11;
				GCC_NO_COMMON_BLOCKS = YES;
				GCC_WARN_64_TO_32_BIT_CONVERSION = YES;
				GCC_WARN_ABOUT_RETURN_TYPE = YES_ERROR;
				GCC_WARN_UNDECLARED_SELECTOR = YES;
				GCC_WARN_UNINITIALIZED_AUTOS = YES_AGGRESSIVE;
				GCC_WARN_UNUSED_FUNCTION = YES;
				GCC_WARN_UNUSED_VARIABLE = YES;
				IPHONEOS_DEPLOYMENT_TARGET = 11.3;
				MTL_ENABLE_DEBUG_INFO = NO;
				SDKROOT = iphoneos;
				SWIFT_COMPILATION_MODE = wholemodule;
				SWIFT_OPTIMIZATION_LEVEL = "-O";
				VALIDATE_PRODUCT = YES;
			};
			name = Release;
		};
		57ABB2B020D026200085BF4D /* Debug */ = {
			isa = XCBuildConfiguration;
			baseConfigurationReference = F48839775632AA0D6983C614 /* Pods-smack.debug.xcconfig */;
			buildSettings = {
				ASSETCATALOG_COMPILER_APPICON_NAME = AppIcon;
				CLANG_ENABLE_MODULES = YES;
				CODE_SIGN_STYLE = Automatic;
				INFOPLIST_FILE = smack/Info.plist;
				LD_RUNPATH_SEARCH_PATHS = (
					"$(inherited)",
					"@executable_path/Frameworks",
				);
				PRODUCT_BUNDLE_IDENTIFIER = com.devslopes.smack;
				PRODUCT_NAME = "$(TARGET_NAME)";
				SWIFT_OBJC_BRIDGING_HEADER = "smack/suportingFiels/smack-Bridging-Header.h";
				SWIFT_OPTIMIZATION_LEVEL = "-Onone";
				SWIFT_VERSION = 4.0;
				TARGETED_DEVICE_FAMILY = "1,2";
			};
			name = Debug;
		};
		57ABB2B120D026200085BF4D /* Release */ = {
			isa = XCBuildConfiguration;
			baseConfigurationReference = D624F8BF249FB6FC0D5B764B /* Pods-smack.release.xcconfig */;
			buildSettings = {
				ASSETCATALOG_COMPILER_APPICON_NAME = AppIcon;
				CLANG_ENABLE_MODULES = YES;
				CODE_SIGN_STYLE = Automatic;
				INFOPLIST_FILE = smack/Info.plist;
				LD_RUNPATH_SEARCH_PATHS = (
					"$(inherited)",
					"@executable_path/Frameworks",
				);
				PRODUCT_BUNDLE_IDENTIFIER = com.devslopes.smack;
				PRODUCT_NAME = "$(TARGET_NAME)";
				SWIFT_OBJC_BRIDGING_HEADER = "smack/suportingFiels/smack-Bridging-Header.h";
				SWIFT_VERSION = 4.0;
				TARGETED_DEVICE_FAMILY = "1,2";
			};
			name = Release;
		};
		57ABB2B320D026200085BF4D /* Debug */ = {
			isa = XCBuildConfiguration;
			baseConfigurationReference = C33979415EA52AEFEF68B64B /* Pods-smackTests.debug.xcconfig */;
			buildSettings = {
				ALWAYS_EMBED_SWIFT_STANDARD_LIBRARIES = YES;
				BUNDLE_LOADER = "$(TEST_HOST)";
				CODE_SIGN_STYLE = Automatic;
				INFOPLIST_FILE = smackTests/Info.plist;
				LD_RUNPATH_SEARCH_PATHS = (
					"$(inherited)",
					"@executable_path/Frameworks",
					"@loader_path/Frameworks",
				);
				PRODUCT_BUNDLE_IDENTIFIER = com.devslopes.smackTests;
				PRODUCT_NAME = "$(TARGET_NAME)";
				SWIFT_VERSION = 4.0;
				TARGETED_DEVICE_FAMILY = "1,2";
				TEST_HOST = "$(BUILT_PRODUCTS_DIR)/smack.app/smack";
			};
			name = Debug;
		};
		57ABB2B420D026200085BF4D /* Release */ = {
			isa = XCBuildConfiguration;
			baseConfigurationReference = ECC735AEAEC14B06D6B6D507 /* Pods-smackTests.release.xcconfig */;
			buildSettings = {
				ALWAYS_EMBED_SWIFT_STANDARD_LIBRARIES = YES;
				BUNDLE_LOADER = "$(TEST_HOST)";
				CODE_SIGN_STYLE = Automatic;
				INFOPLIST_FILE = smackTests/Info.plist;
				LD_RUNPATH_SEARCH_PATHS = (
					"$(inherited)",
					"@executable_path/Frameworks",
					"@loader_path/Frameworks",
				);
				PRODUCT_BUNDLE_IDENTIFIER = com.devslopes.smackTests;
				PRODUCT_NAME = "$(TARGET_NAME)";
				SWIFT_VERSION = 4.0;
				TARGETED_DEVICE_FAMILY = "1,2";
				TEST_HOST = "$(BUILT_PRODUCTS_DIR)/smack.app/smack";
			};
			name = Release;
		};
		57ABB2B620D026200085BF4D /* Debug */ = {
			isa = XCBuildConfiguration;
			baseConfigurationReference = 08067174C4DAB58AD7366173 /* Pods-smackUITests.debug.xcconfig */;
			buildSettings = {
				ALWAYS_EMBED_SWIFT_STANDARD_LIBRARIES = YES;
				CODE_SIGN_STYLE = Automatic;
				INFOPLIST_FILE = smackUITests/Info.plist;
				LD_RUNPATH_SEARCH_PATHS = (
					"$(inherited)",
					"@executable_path/Frameworks",
					"@loader_path/Frameworks",
				);
				PRODUCT_BUNDLE_IDENTIFIER = com.devslopes.smackUITests;
				PRODUCT_NAME = "$(TARGET_NAME)";
				SWIFT_VERSION = 4.0;
				TARGETED_DEVICE_FAMILY = "1,2";
				TEST_TARGET_NAME = smack;
			};
			name = Debug;
		};
		57ABB2B720D026200085BF4D /* Release */ = {
			isa = XCBuildConfiguration;
			baseConfigurationReference = 610AC18C9BCA9FB68085617F /* Pods-smackUITests.release.xcconfig */;
			buildSettings = {
				ALWAYS_EMBED_SWIFT_STANDARD_LIBRARIES = YES;
				CODE_SIGN_STYLE = Automatic;
				INFOPLIST_FILE = smackUITests/Info.plist;
				LD_RUNPATH_SEARCH_PATHS = (
					"$(inherited)",
					"@executable_path/Frameworks",
					"@loader_path/Frameworks",
				);
				PRODUCT_BUNDLE_IDENTIFIER = com.devslopes.smackUITests;
				PRODUCT_NAME = "$(TARGET_NAME)";
				SWIFT_VERSION = 4.0;
				TARGETED_DEVICE_FAMILY = "1,2";
				TEST_TARGET_NAME = smack;
			};
			name = Release;
		};
/* End XCBuildConfiguration section */

/* Begin XCConfigurationList section */
		57ABB28220D026140085BF4D /* Build configuration list for PBXProject "smack" */ = {
			isa = XCConfigurationList;
			buildConfigurations = (
				57ABB2AD20D026200085BF4D /* Debug */,
				57ABB2AE20D026200085BF4D /* Release */,
			);
			defaultConfigurationIsVisible = 0;
			defaultConfigurationName = Release;
		};
		57ABB2AF20D026200085BF4D /* Build configuration list for PBXNativeTarget "smack" */ = {
			isa = XCConfigurationList;
			buildConfigurations = (
				57ABB2B020D026200085BF4D /* Debug */,
				57ABB2B120D026200085BF4D /* Release */,
			);
			defaultConfigurationIsVisible = 0;
			defaultConfigurationName = Release;
		};
		57ABB2B220D026200085BF4D /* Build configuration list for PBXNativeTarget "smackTests" */ = {
			isa = XCConfigurationList;
			buildConfigurations = (
				57ABB2B320D026200085BF4D /* Debug */,
				57ABB2B420D026200085BF4D /* Release */,
			);
			defaultConfigurationIsVisible = 0;
			defaultConfigurationName = Release;
		};
		57ABB2B520D026200085BF4D /* Build configuration list for PBXNativeTarget "smackUITests" */ = {
			isa = XCConfigurationList;
			buildConfigurations = (
				57ABB2B620D026200085BF4D /* Debug */,
				57ABB2B720D026200085BF4D /* Release */,
			);
			defaultConfigurationIsVisible = 0;
			defaultConfigurationName = Release;
		};
/* End XCConfigurationList section */
	};
	rootObject = 57ABB27F20D026140085BF4D /* Project object */;
}
